
Microsoft Visual Studio Solution File, Format Version 12.00
# Visual Studio 15
VisualStudioVersion = 15.0.28307.106
MinimumVisualStudioVersion = 10.0.40219.1
Project("{9A19103F-16F7-4668-BE54-9A1E7A4F7556}") = "Euler", "Euler\Euler.csproj", "{49C4EAAE-5FC9-49B5-A01A-70562EDE1736}"
EndProject
Project("{9A19103F-16F7-4668-BE54-9A1E7A4F7556}") = "EulerTest", "EulerTest\EulerTest.csproj", "{5C959C65-01A2-4AD1-A809-A93F8DB3CBA1}"
EndProject
Project("{2150E333-8FDC-42A3-9474-1A3956D46DE8}") = "Solution Items", "Solution Items", "{B543F815-C91A-40DE-9842-3F591EC21CD2}"
	ProjectSection(SolutionItems) = preProject
		readme.md = readme.md
		.github\workflows\dotnet-core.yml = .github\workflows\dotnet-core.yml
	EndProjectSection
EndProject
Global
	GlobalSection(SolutionConfigurationPlatforms) = preSolution
		Debug|Any CPU = Debug|Any CPU
		Release|Any CPU = Release|Any CPU
	EndGlobalSection
	GlobalSection(ProjectConfigurationPlatforms) = postSolution
		{49C4EAAE-5FC9-49B5-A01A-70562EDE1736}.Debug|Any CPU.ActiveCfg = Debug|Any CPU
		{49C4EAAE-5FC9-49B5-A01A-70562EDE1736}.Debug|Any CPU.Build.0 = Debug|Any CPU
		{49C4EAAE-5FC9-49B5-A01A-70562EDE1736}.Release|Any CPU.ActiveCfg = Release|Any CPU
		{49C4EAAE-5FC9-49B5-A01A-70562EDE1736}.Release|Any CPU.Build.0 = Release|Any CPU
		{5C959C65-01A2-4AD1-A809-A93F8DB3CBA1}.Debug|Any CPU.ActiveCfg = Debug|Any CPU
		{5C959C65-01A2-4AD1-A809-A93F8DB3CBA1}.Debug|Any CPU.Build.0 = Debug|Any CPU
		{5C959C65-01A2-4AD1-A809-A93F8DB3CBA1}.Release|Any CPU.ActiveCfg = Release|Any CPU
		{5C959C65-01A2-4AD1-A809-A93F8DB3CBA1}.Release|Any CPU.Build.0 = Release|Any CPU
	EndGlobalSection
	GlobalSection(SolutionProperties) = preSolution
		HideSolutionNode = FALSE
	EndGlobalSection
	GlobalSection(ExtensibilityGlobals) = postSolution
		SolutionGuid = {1BB1F645-B38E-44EB-849B-F04C3E8F9D3B}
	EndGlobalSection
EndGlobal
